
Microsoft Visual Studio Solution File, Format Version 12.00
# Visual Studio Version 17
VisualStudioVersion = 17.2.32616.157
MinimumVisualStudioVersion = 10.0.40219.1
Project("{FAE04EC0-301F-11D3-BF4B-00C04F79EFBC}") = "Esercizio_Git_gruppo", "Esercizio_Git_gruppo\Esercizio_Git_gruppo.csproj", "{3C3FE5C6-6B35-4F09-A3A3-565A4A4C36EE}"
EndProject
Global
	GlobalSection(SolutionConfigurationPlatforms) = preSolution
		Debug|Any CPU = Debug|Any CPU
		Release|Any CPU = Release|Any CPU
	EndGlobalSection
	GlobalSection(ProjectConfigurationPlatforms) = postSolution
		{3C3FE5C6-6B35-4F09-A3A3-565A4A4C36EE}.Debug|Any CPU.ActiveCfg = Debug|Any CPU
		{3C3FE5C6-6B35-4F09-A3A3-565A4A4C36EE}.Debug|Any CPU.Build.0 = Debug|Any CPU
		{3C3FE5C6-6B35-4F09-A3A3-565A4A4C36EE}.Release|Any CPU.ActiveCfg = Release|Any CPU
		{3C3FE5C6-6B35-4F09-A3A3-565A4A4C36EE}.Release|Any CPU.Build.0 = Release|Any CPU
	EndGlobalSection
	GlobalSection(SolutionProperties) = preSolution
		HideSolutionNode = FALSE
	EndGlobalSection
	GlobalSection(ExtensibilityGlobals) = postSolution
		SolutionGuid = {6A3F6CE5-97E4-4AE2-9745-6343A93BA963}
	EndGlobalSection
EndGlobal
